
Microsoft Visual Studio Solution File, Format Version 12.00
# Visual Studio Version 17
VisualStudioVersion = 17.9.34622.214
MinimumVisualStudioVersion = 10.0.40219.1
Project("{9A19103F-16F7-4668-BE54-9A1E7A4F7556}") = "RunningGroup", "RunGroupWebApp\RunningGroup.csproj", "{B55F2964-7A05-4E17-95B5-E0E4A001C0CF}"
EndProject
Global
	GlobalSection(SolutionConfigurationPlatforms) = preSolution
		Debug|Any CPU = Debug|Any CPU
		Release|Any CPU = Release|Any CPU
	EndGlobalSection
	GlobalSection(ProjectConfigurationPlatforms) = postSolution
		{B55F2964-7A05-4E17-95B5-E0E4A001C0CF}.Debug|Any CPU.ActiveCfg = Debug|Any CPU
		{B55F2964-7A05-4E17-95B5-E0E4A001C0CF}.Debug|Any CPU.Build.0 = Debug|Any CPU
		{B55F2964-7A05-4E17-95B5-E0E4A001C0CF}.Release|Any CPU.ActiveCfg = Release|Any CPU
		{B55F2964-7A05-4E17-95B5-E0E4A001C0CF}.Release|Any CPU.Build.0 = Release|Any CPU
	EndGlobalSection
	GlobalSection(SolutionProperties) = preSolution
		HideSolutionNode = FALSE
	EndGlobalSection
	GlobalSection(ExtensibilityGlobals) = postSolution
		SolutionGuid = {C982B366-B036-4C19-B8CE-40263D18937E}
	EndGlobalSection
EndGlobal
